
Microsoft Visual Studio Solution File, Format Version 12.00
# Visual Studio Version 17
VisualStudioVersion = 17.12.35707.178
MinimumVisualStudioVersion = 10.0.40219.1
Project("{FAE04EC0-301F-11D3-BF4B-00C04F79EFBC}") = "Alquiler", "Alquiler.csproj", "{62B00585-01E7-4DAE-B3E7-F694FFF86175}"
	ProjectSection(ProjectDependencies) = postProject
		{2A027F04-09DE-4F78-BA10-C77162B2B632} = {2A027F04-09DE-4F78-BA10-C77162B2B632}
		{7E01AD53-9BAB-4355-9B1B-81B7D57525D0} = {7E01AD53-9BAB-4355-9B1B-81B7D57525D0}
		{B6DE6633-2178-4240-AED4-700EC40EF2CC} = {B6DE6633-2178-4240-AED4-700EC40EF2CC}
	EndProjectSection
EndProject
Project("{FAE04EC0-301F-11D3-BF4B-00C04F79EFBC}") = "CapaDatos", "..\CapaDatos\CapaDatos.csproj", "{B6DE6633-2178-4240-AED4-700EC40EF2CC}"
EndProject
Project("{FAE04EC0-301F-11D3-BF4B-00C04F79EFBC}") = "CapaEntidad", "..\CapaEntidad\CapaEntidad.csproj", "{7E01AD53-9BAB-4355-9B1B-81B7D57525D0}"
EndProject
Project("{FAE04EC0-301F-11D3-BF4B-00C04F79EFBC}") = "CapaNegocio", "..\CapaNegocio\CapaNegocio.csproj", "{2A027F04-09DE-4F78-BA10-C77162B2B632}"
EndProject
Global
	GlobalSection(SolutionConfigurationPlatforms) = preSolution
		Debug|Any CPU = Debug|Any CPU
		Release|Any CPU = Release|Any CPU
	EndGlobalSection
	GlobalSection(ProjectConfigurationPlatforms) = postSolution
		{62B00585-01E7-4DAE-B3E7-F694FFF86175}.Debug|Any CPU.ActiveCfg = Debug|Any CPU
		{62B00585-01E7-4DAE-B3E7-F694FFF86175}.Debug|Any CPU.Build.0 = Debug|Any CPU
		{62B00585-01E7-4DAE-B3E7-F694FFF86175}.Release|Any CPU.ActiveCfg = Release|Any CPU
		{62B00585-01E7-4DAE-B3E7-F694FFF86175}.Release|Any CPU.Build.0 = Release|Any CPU
		{B6DE6633-2178-4240-AED4-700EC40EF2CC}.Debug|Any CPU.ActiveCfg = Debug|Any CPU
		{B6DE6633-2178-4240-AED4-700EC40EF2CC}.Debug|Any CPU.Build.0 = Debug|Any CPU
		{B6DE6633-2178-4240-AED4-700EC40EF2CC}.Release|Any CPU.ActiveCfg = Release|Any CPU
		{B6DE6633-2178-4240-AED4-700EC40EF2CC}.Release|Any CPU.Build.0 = Release|Any CPU
		{7E01AD53-9BAB-4355-9B1B-81B7D57525D0}.Debug|Any CPU.ActiveCfg = Debug|Any CPU
		{7E01AD53-9BAB-4355-9B1B-81B7D57525D0}.Debug|Any CPU.Build.0 = Debug|Any CPU
		{7E01AD53-9BAB-4355-9B1B-81B7D57525D0}.Release|Any CPU.ActiveCfg = Release|Any CPU
		{7E01AD53-9BAB-4355-9B1B-81B7D57525D0}.Release|Any CPU.Build.0 = Release|Any CPU
		{2A027F04-09DE-4F78-BA10-C77162B2B632}.Debug|Any CPU.ActiveCfg = Debug|Any CPU
		{2A027F04-09DE-4F78-BA10-C77162B2B632}.Debug|Any CPU.Build.0 = Debug|Any CPU
		{2A027F04-09DE-4F78-BA10-C77162B2B632}.Release|Any CPU.ActiveCfg = Release|Any CPU
		{2A027F04-09DE-4F78-BA10-C77162B2B632}.Release|Any CPU.Build.0 = Release|Any CPU
	EndGlobalSection
	GlobalSection(SolutionProperties) = preSolution
		HideSolutionNode = FALSE
	EndGlobalSection
	GlobalSection(ExtensibilityGlobals) = postSolution
		SolutionGuid = {D069C0C2-6426-4176-AA03-FF6A5FB3B254}
	EndGlobalSection
EndGlobal
